// !$*UTF8*$!
{
	archiveVersion = 1;
	classes = {
	};
	objectVersion = 51;
	objects = {

/* Begin PBXBuildFile section */
		3F3052262734F25000F8E772 /* MarketplaceView.swift in Sources */ = {isa = PBXBuildFile; fileRef = 3F3052252734F24F00F8E772 /* MarketplaceView.swift */; };
		3FEAD0E92735C77A00D3DCF6 /* SettingsView.swift in Sources */ = {isa = PBXBuildFile; fileRef = 3FEAD0E82735C77A00D3DCF6 /* SettingsView.swift */; };
		54D060CB2734C5A90035D795 /* ExchangeView.swift in Sources */ = {isa = PBXBuildFile; fileRef = 54D060CA2734C5A90035D795 /* ExchangeView.swift */; };
		54D060CD2734CC0A0035D795 /* HistoryView.swift in Sources */ = {isa = PBXBuildFile; fileRef = 54D060CC2734CC0A0035D795 /* HistoryView.swift */; };
		54D060CF2734CC180035D795 /* OffersView.swift in Sources */ = {isa = PBXBuildFile; fileRef = 54D060CE2734CC180035D795 /* OffersView.swift */; };
		6681581B2748383C0042BDBF /* ExchangeView2.swift in Sources */ = {isa = PBXBuildFile; fileRef = 6681581A2748383C0042BDBF /* ExchangeView2.swift */; };
		6681581D27483D5E0042BDBF /* CurrentOffersView.swift in Sources */ = {isa = PBXBuildFile; fileRef = 6681581C27483D5E0042BDBF /* CurrentOffersView.swift */; };
		6681581F27483DD70042BDBF /* ExchangeHistoryView.swift in Sources */ = {isa = PBXBuildFile; fileRef = 6681581E27483DD70042BDBF /* ExchangeHistoryView.swift */; };
		66A541D027346B3F0054CA53 /* PersonalHomeView.swift in Sources */ = {isa = PBXBuildFile; fileRef = 66A541CF27346B3F0054CA53 /* PersonalHomeView.swift */; };
		66A541D22734AB870054CA53 /* TabBarView.swift in Sources */ = {isa = PBXBuildFile; fileRef = 66A541D12734AB870054CA53 /* TabBarView.swift */; };
		66A541D62735F9C20054CA53 /* ChatView.swift in Sources */ = {isa = PBXBuildFile; fileRef = 66A541D52735F9C20054CA53 /* ChatView.swift */; };
		DD9D0F2927444EF2005B147C /* AppDelegate.swift in Sources */ = {isa = PBXBuildFile; fileRef = DD9D0F2827444EF2005B147C /* AppDelegate.swift */; };
		DD9D0F2B27444F42005B147C /* GoogleService-Info.plist in Resources */ = {isa = PBXBuildFile; fileRef = DD9D0F2A27444F42005B147C /* GoogleService-Info.plist */; };
		DDFEF5A42730915400F3FF10 /* UWTickets_App.swift in Sources */ = {isa = PBXBuildFile; fileRef = DDFEF5A32730915400F3FF10 /* UWTickets_App.swift */; };
		DDFEF5A62730915400F3FF10 /* ContentView.swift in Sources */ = {isa = PBXBuildFile; fileRef = DDFEF5A52730915400F3FF10 /* ContentView.swift */; };
		DDFEF5A82730915F00F3FF10 /* Assets.xcassets in Resources */ = {isa = PBXBuildFile; fileRef = DDFEF5A72730915F00F3FF10 /* Assets.xcassets */; };
		DDFEF5AB2730915F00F3FF10 /* Preview Assets.xcassets in Resources */ = {isa = PBXBuildFile; fileRef = DDFEF5AA2730915F00F3FF10 /* Preview Assets.xcassets */; };
		ECD985B047B61A6313C23E13 /* Pods_UWTickets_.framework in Frameworks */ = {isa = PBXBuildFile; fileRef = 981B7361AB7550C5086F5490 /* Pods_UWTickets_.framework */; };
/* End PBXBuildFile section */

/* Begin PBXFileReference section */
		2CCCB5E25E8B00D31ED7D493 /* Pods-UWTickets+.release.xcconfig */ = {isa = PBXFileReference; includeInIndex = 1; lastKnownFileType = text.xcconfig; name = "Pods-UWTickets+.release.xcconfig"; path = "Target Support Files/Pods-UWTickets+/Pods-UWTickets+.release.xcconfig"; sourceTree = "<group>"; };
		3F3052252734F24F00F8E772 /* MarketplaceView.swift */ = {isa = PBXFileReference; lastKnownFileType = sourcecode.swift; path = MarketplaceView.swift; sourceTree = "<group>"; };
		3FEAD0E82735C77A00D3DCF6 /* SettingsView.swift */ = {isa = PBXFileReference; lastKnownFileType = sourcecode.swift; path = SettingsView.swift; sourceTree = "<group>"; };
		54D060CA2734C5A90035D795 /* ExchangeView.swift */ = {isa = PBXFileReference; lastKnownFileType = sourcecode.swift; path = ExchangeView.swift; sourceTree = "<group>"; };
		54D060CC2734CC0A0035D795 /* HistoryView.swift */ = {isa = PBXFileReference; lastKnownFileType = sourcecode.swift; path = HistoryView.swift; sourceTree = "<group>"; };
		54D060CE2734CC180035D795 /* OffersView.swift */ = {isa = PBXFileReference; lastKnownFileType = sourcecode.swift; path = OffersView.swift; sourceTree = "<group>"; };
		6681581A2748383C0042BDBF /* ExchangeView2.swift */ = {isa = PBXFileReference; lastKnownFileType = sourcecode.swift; path = ExchangeView2.swift; sourceTree = "<group>"; };
		6681581C27483D5E0042BDBF /* CurrentOffersView.swift */ = {isa = PBXFileReference; lastKnownFileType = sourcecode.swift; path = CurrentOffersView.swift; sourceTree = "<group>"; };
		6681581E27483DD70042BDBF /* ExchangeHistoryView.swift */ = {isa = PBXFileReference; lastKnownFileType = sourcecode.swift; path = ExchangeHistoryView.swift; sourceTree = "<group>"; };
		66A541CF27346B3F0054CA53 /* PersonalHomeView.swift */ = {isa = PBXFileReference; lastKnownFileType = sourcecode.swift; path = PersonalHomeView.swift; sourceTree = "<group>"; };
		66A541D12734AB870054CA53 /* TabBarView.swift */ = {isa = PBXFileReference; lastKnownFileType = sourcecode.swift; path = TabBarView.swift; sourceTree = "<group>"; };
		66A541D52735F9C20054CA53 /* ChatView.swift */ = {isa = PBXFileReference; lastKnownFileType = sourcecode.swift; path = ChatView.swift; sourceTree = "<group>"; };
		981B7361AB7550C5086F5490 /* Pods_UWTickets_.framework */ = {isa = PBXFileReference; explicitFileType = wrapper.framework; includeInIndex = 0; path = Pods_UWTickets_.framework; sourceTree = BUILT_PRODUCTS_DIR; };
		C909B5AB190DAAB57299D7AB /* Pods-UWTickets+.debug.xcconfig */ = {isa = PBXFileReference; includeInIndex = 1; lastKnownFileType = text.xcconfig; name = "Pods-UWTickets+.debug.xcconfig"; path = "Target Support Files/Pods-UWTickets+/Pods-UWTickets+.debug.xcconfig"; sourceTree = "<group>"; };
		DD9D0F2827444EF2005B147C /* AppDelegate.swift */ = {isa = PBXFileReference; fileEncoding = 4; lastKnownFileType = sourcecode.swift; path = AppDelegate.swift; sourceTree = "<group>"; };
		DD9D0F2A27444F42005B147C /* GoogleService-Info.plist */ = {isa = PBXFileReference; fileEncoding = 4; lastKnownFileType = text.plist.xml; path = "GoogleService-Info.plist"; sourceTree = "<group>"; };
		DDFEF5A02730915400F3FF10 /* UWTickets+.app */ = {isa = PBXFileReference; explicitFileType = wrapper.application; includeInIndex = 0; path = "UWTickets+.app"; sourceTree = BUILT_PRODUCTS_DIR; };
		DDFEF5A32730915400F3FF10 /* UWTickets_App.swift */ = {isa = PBXFileReference; lastKnownFileType = sourcecode.swift; path = UWTickets_App.swift; sourceTree = "<group>"; };
		DDFEF5A52730915400F3FF10 /* ContentView.swift */ = {isa = PBXFileReference; lastKnownFileType = sourcecode.swift; path = ContentView.swift; sourceTree = "<group>"; };
		DDFEF5A72730915F00F3FF10 /* Assets.xcassets */ = {isa = PBXFileReference; lastKnownFileType = folder.assetcatalog; path = Assets.xcassets; sourceTree = "<group>"; };
		DDFEF5AA2730915F00F3FF10 /* Preview Assets.xcassets */ = {isa = PBXFileReference; lastKnownFileType = folder.assetcatalog; path = "Preview Assets.xcassets"; sourceTree = "<group>"; };
		DDFEF5AC2730915F00F3FF10 /* Info.plist */ = {isa = PBXFileReference; lastKnownFileType = text.plist.xml; path = Info.plist; sourceTree = "<group>"; };
/* End PBXFileReference section */

/* Begin PBXFrameworksBuildPhase section */
		DDFEF59D2730915400F3FF10 /* Frameworks */ = {
			isa = PBXFrameworksBuildPhase;
			buildActionMask = 2147483647;
			files = (
				ECD985B047B61A6313C23E13 /* Pods_UWTickets_.framework in Frameworks */,
			);
			runOnlyForDeploymentPostprocessing = 0;
		};
/* End PBXFrameworksBuildPhase section */

/* Begin PBXGroup section */
		172B7190C3C1FC1153A645D5 /* Pods */ = {
			isa = PBXGroup;
			children = (
				C909B5AB190DAAB57299D7AB /* Pods-UWTickets+.debug.xcconfig */,
				2CCCB5E25E8B00D31ED7D493 /* Pods-UWTickets+.release.xcconfig */,
			);
			path = Pods;
			sourceTree = "<group>";
		};
		D73997C392AD9EBFAC1C51C3 /* Frameworks */ = {
			isa = PBXGroup;
			children = (
				981B7361AB7550C5086F5490 /* Pods_UWTickets_.framework */,
			);
			name = Frameworks;
			sourceTree = "<group>";
		};
		DDFEF5972730915400F3FF10 = {
			isa = PBXGroup;
			children = (
				DD9D0F2A27444F42005B147C /* GoogleService-Info.plist */,
				DDFEF5A22730915400F3FF10 /* UWTickets+ */,
				DDFEF5A12730915400F3FF10 /* Products */,
				172B7190C3C1FC1153A645D5 /* Pods */,
				D73997C392AD9EBFAC1C51C3 /* Frameworks */,
			);
			sourceTree = "<group>";
		};
		DDFEF5A12730915400F3FF10 /* Products */ = {
			isa = PBXGroup;
			children = (
				DDFEF5A02730915400F3FF10 /* UWTickets+.app */,
			);
			name = Products;
			sourceTree = "<group>";
		};
		DDFEF5A22730915400F3FF10 /* UWTickets+ */ = {
			isa = PBXGroup;
			children = (
				DD9D0F2827444EF2005B147C /* AppDelegate.swift */,
				DDFEF5A32730915400F3FF10 /* UWTickets_App.swift */,
				DDFEF5A52730915400F3FF10 /* ContentView.swift */,
				DDFEF5A72730915F00F3FF10 /* Assets.xcassets */,
				DDFEF5AC2730915F00F3FF10 /* Info.plist */,
				DDFEF5A92730915F00F3FF10 /* Preview Content */,
				54D060CA2734C5A90035D795 /* ExchangeView.swift */,
				54D060CC2734CC0A0035D795 /* HistoryView.swift */,
				54D060CE2734CC180035D795 /* OffersView.swift */,
				66A541CF27346B3F0054CA53 /* PersonalHomeView.swift */,
				3F3052252734F24F00F8E772 /* MarketplaceView.swift */,
				66A541D12734AB870054CA53 /* TabBarView.swift */,
				66A541D52735F9C20054CA53 /* ChatView.swift */,
				3FEAD0E82735C77A00D3DCF6 /* SettingsView.swift */,
				6681581A2748383C0042BDBF /* ExchangeView2.swift */,
				6681581C27483D5E0042BDBF /* CurrentOffersView.swift */,
				6681581E27483DD70042BDBF /* ExchangeHistoryView.swift */,
			);
			path = "UWTickets+";
			sourceTree = "<group>";
		};
		DDFEF5A92730915F00F3FF10 /* Preview Content */ = {
			isa = PBXGroup;
			children = (
				DDFEF5AA2730915F00F3FF10 /* Preview Assets.xcassets */,
			);
			path = "Preview Content";
			sourceTree = "<group>";
		};
/* End PBXGroup section */

/* Begin PBXNativeTarget section */
		DDFEF59F2730915400F3FF10 /* UWTickets+ */ = {
			isa = PBXNativeTarget;
			buildConfigurationList = DDFEF5AF2730915F00F3FF10 /* Build configuration list for PBXNativeTarget "UWTickets+" */;
			buildPhases = (
				1C6E4233B1497B81CA023C78 /* [CP] Check Pods Manifest.lock */,
				DDFEF59C2730915400F3FF10 /* Sources */,
				DDFEF59D2730915400F3FF10 /* Frameworks */,
				DDFEF59E2730915400F3FF10 /* Resources */,
				40D168702A762F578EAC5787 /* [CP] Embed Pods Frameworks */,
			);
			buildRules = (
			);
			dependencies = (
			);
			name = "UWTickets+";
			productName = "UWTickets+";
			productReference = DDFEF5A02730915400F3FF10 /* UWTickets+.app */;
			productType = "com.apple.product-type.application";
		};
/* End PBXNativeTarget section */

/* Begin PBXProject section */
		DDFEF5982730915400F3FF10 /* Project object */ = {
			isa = PBXProject;
			attributes = {
				LastSwiftUpdateCheck = 1240;
				LastUpgradeCheck = 1240;
				TargetAttributes = {
					DDFEF59F2730915400F3FF10 = {
						CreatedOnToolsVersion = 12.4;
					};
				};
			};
			buildConfigurationList = DDFEF59B2730915400F3FF10 /* Build configuration list for PBXProject "UWTickets+" */;
			compatibilityVersion = "Xcode 9.3";
			developmentRegion = en;
			hasScannedForEncodings = 0;
			knownRegions = (
				en,
				Base,
			);
			mainGroup = DDFEF5972730915400F3FF10;
			productRefGroup = DDFEF5A12730915400F3FF10 /* Products */;
			projectDirPath = "";
			projectRoot = "";
			targets = (
				DDFEF59F2730915400F3FF10 /* UWTickets+ */,
			);
		};
/* End PBXProject section */

/* Begin PBXResourcesBuildPhase section */
		DDFEF59E2730915400F3FF10 /* Resources */ = {
			isa = PBXResourcesBuildPhase;
			buildActionMask = 2147483647;
			files = (
				DDFEF5AB2730915F00F3FF10 /* Preview Assets.xcassets in Resources */,
				DDFEF5A82730915F00F3FF10 /* Assets.xcassets in Resources */,
				DD9D0F2B27444F42005B147C /* GoogleService-Info.plist in Resources */,
			);
			runOnlyForDeploymentPostprocessing = 0;
		};
/* End PBXResourcesBuildPhase section */

/* Begin PBXShellScriptBuildPhase section */
		1C6E4233B1497B81CA023C78 /* [CP] Check Pods Manifest.lock */ = {
			isa = PBXShellScriptBuildPhase;
			buildActionMask = 2147483647;
			files = (
			);
			inputFileListPaths = (
			);
			inputPaths = (
				"${PODS_PODFILE_DIR_PATH}/Podfile.lock",
				"${PODS_ROOT}/Manifest.lock",
			);
			name = "[CP] Check Pods Manifest.lock";
			outputFileListPaths = (
			);
			outputPaths = (
				"$(DERIVED_FILE_DIR)/Pods-UWTickets+-checkManifestLockResult.txt",
			);
			runOnlyForDeploymentPostprocessing = 0;
			shellPath = /bin/sh;
			shellScript = "diff \"${PODS_PODFILE_DIR_PATH}/Podfile.lock\" \"${PODS_ROOT}/Manifest.lock\" > /dev/null\nif [ $? != 0 ] ; then\n    # print error to STDERR\n    echo \"error: The sandbox is not in sync with the Podfile.lock. Run 'pod install' or update your CocoaPods installation.\" >&2\n    exit 1\nfi\n# This output is used by Xcode 'outputs' to avoid re-running this script phase.\necho \"SUCCESS\" > \"${SCRIPT_OUTPUT_FILE_0}\"\n";
			showEnvVarsInLog = 0;
		};
		40D168702A762F578EAC5787 /* [CP] Embed Pods Frameworks */ = {
			isa = PBXShellScriptBuildPhase;
			buildActionMask = 2147483647;
			files = (
			);
			inputFileListPaths = (
				"${PODS_ROOT}/Target Support Files/Pods-UWTickets+/Pods-UWTickets+-frameworks-${CONFIGURATION}-input-files.xcfilelist",
			);
			name = "[CP] Embed Pods Frameworks";
			outputFileListPaths = (
				"${PODS_ROOT}/Target Support Files/Pods-UWTickets+/Pods-UWTickets+-frameworks-${CONFIGURATION}-output-files.xcfilelist",
			);
			runOnlyForDeploymentPostprocessing = 0;
			shellPath = /bin/sh;
			shellScript = "\"${PODS_ROOT}/Target Support Files/Pods-UWTickets+/Pods-UWTickets+-frameworks.sh\"\n";
			showEnvVarsInLog = 0;
		};
/* End PBXShellScriptBuildPhase section */

/* Begin PBXSourcesBuildPhase section */
		DDFEF59C2730915400F3FF10 /* Sources */ = {
			isa = PBXSourcesBuildPhase;
			buildActionMask = 2147483647;
			files = (
				DD9D0F2927444EF2005B147C /* AppDelegate.swift in Sources */,
				54D060CF2734CC180035D795 /* OffersView.swift in Sources */,
				6681581B2748383C0042BDBF /* ExchangeView2.swift in Sources */,
				DDFEF5A62730915400F3FF10 /* ContentView.swift in Sources */,
				54D060CD2734CC0A0035D795 /* HistoryView.swift in Sources */,
				54D060CB2734C5A90035D795 /* ExchangeView.swift in Sources */,
				66A541D027346B3F0054CA53 /* PersonalHomeView.swift in Sources */,
				66A541D62735F9C20054CA53 /* ChatView.swift in Sources */,
				6681581F27483DD70042BDBF /* ExchangeHistoryView.swift in Sources */,
				3F3052262734F25000F8E772 /* MarketplaceView.swift in Sources */,
				3FEAD0E92735C77A00D3DCF6 /* SettingsView.swift in Sources */,
				6681581D27483D5E0042BDBF /* CurrentOffersView.swift in Sources */,
				66A541D22734AB870054CA53 /* TabBarView.swift in Sources */,
				DDFEF5A42730915400F3FF10 /* UWTickets_App.swift in Sources */,
			);
			runOnlyForDeploymentPostprocessing = 0;
		};
/* End PBXSourcesBuildPhase section */

/* Begin XCBuildConfiguration section */
		DDFEF5AD2730915F00F3FF10 /* Debug */ = {
			isa = XCBuildConfiguration;
			buildSettings = {
				ALWAYS_SEARCH_USER_PATHS = NO;
				CLANG_ANALYZER_NONNULL = YES;
				CLANG_ANALYZER_NUMBER_OBJECT_CONVERSION = YES_AGGRESSIVE;
				CLANG_CXX_LANGUAGE_STANDARD = "gnu++14";
				CLANG_CXX_LIBRARY = "libc++";
				CLANG_ENABLE_MODULES = YES;
				CLANG_ENABLE_OBJC_ARC = YES;
				CLANG_ENABLE_OBJC_WEAK = YES;
				CLANG_WARN_BLOCK_CAPTURE_AUTORELEASING = YES;
				CLANG_WARN_BOOL_CONVERSION = YES;
				CLANG_WARN_COMMA = YES;
				CLANG_WARN_CONSTANT_CONVERSION = YES;
				CLANG_WARN_DEPRECATED_OBJC_IMPLEMENTATIONS = YES;
				CLANG_WARN_DIRECT_OBJC_ISA_USAGE = YES_ERROR;
				CLANG_WARN_DOCUMENTATION_COMMENTS = YES;
				CLANG_WARN_EMPTY_BODY = YES;
				CLANG_WARN_ENUM_CONVERSION = YES;
				CLANG_WARN_INFINITE_RECURSION = YES;
				CLANG_WARN_INT_CONVERSION = YES;
				CLANG_WARN_NON_LITERAL_NULL_CONVERSION = YES;
				CLANG_WARN_OBJC_IMPLICIT_RETAIN_SELF = YES;
				CLANG_WARN_OBJC_LITERAL_CONVERSION = YES;
				CLANG_WARN_OBJC_ROOT_CLASS = YES_ERROR;
				CLANG_WARN_QUOTED_INCLUDE_IN_FRAMEWORK_HEADER = YES;
				CLANG_WARN_RANGE_LOOP_ANALYSIS = YES;
				CLANG_WARN_STRICT_PROTOTYPES = YES;
				CLANG_WARN_SUSPICIOUS_MOVE = YES;
				CLANG_WARN_UNGUARDED_AVAILABILITY = YES_AGGRESSIVE;
				CLANG_WARN_UNREACHABLE_CODE = YES;
				CLANG_WARN__DUPLICATE_METHOD_MATCH = YES;
				COPY_PHASE_STRIP = NO;
				DEBUG_INFORMATION_FORMAT = dwarf;
				ENABLE_STRICT_OBJC_MSGSEND = YES;
				ENABLE_TESTABILITY = YES;
				GCC_C_LANGUAGE_STANDARD = gnu11;
				GCC_DYNAMIC_NO_PIC = NO;
				GCC_NO_COMMON_BLOCKS = YES;
				GCC_OPTIMIZATION_LEVEL = 0;
				GCC_PREPROCESSOR_DEFINITIONS = (
					"DEBUG=1",
					"$(inherited)",
				);
				GCC_WARN_64_TO_32_BIT_CONVERSION = YES;
				GCC_WARN_ABOUT_RETURN_TYPE = YES_ERROR;
				GCC_WARN_UNDECLARED_SELECTOR = YES;
				GCC_WARN_UNINITIALIZED_AUTOS = YES_AGGRESSIVE;
				GCC_WARN_UNUSED_FUNCTION = YES;
				GCC_WARN_UNUSED_VARIABLE = YES;
				IPHONEOS_DEPLOYMENT_TARGET = 14.4;
				MTL_ENABLE_DEBUG_INFO = INCLUDE_SOURCE;
				MTL_FAST_MATH = YES;
				ONLY_ACTIVE_ARCH = YES;
				SDKROOT = iphoneos;
				SWIFT_ACTIVE_COMPILATION_CONDITIONS = DEBUG;
				SWIFT_OPTIMIZATION_LEVEL = "-Onone";
			};
			name = Debug;
		};
		DDFEF5AE2730915F00F3FF10 /* Release */ = {
			isa = XCBuildConfiguration;
			buildSettings = {
				ALWAYS_SEARCH_USER_PATHS = NO;
				CLANG_ANALYZER_NONNULL = YES;
				CLANG_ANALYZER_NUMBER_OBJECT_CONVERSION = YES_AGGRESSIVE;
				CLANG_CXX_LANGUAGE_STANDARD = "gnu++14";
				CLANG_CXX_LIBRARY = "libc++";
				CLANG_ENABLE_MODULES = YES;
				CLANG_ENABLE_OBJC_ARC = YES;
				CLANG_ENABLE_OBJC_WEAK = YES;
				CLANG_WARN_BLOCK_CAPTURE_AUTORELEASING = YES;
				CLANG_WARN_BOOL_CONVERSION = YES;
				CLANG_WARN_COMMA = YES;
				CLANG_WARN_CONSTANT_CONVERSION = YES;
				CLANG_WARN_DEPRECATED_OBJC_IMPLEMENTATIONS = YES;
				CLANG_WARN_DIRECT_OBJC_ISA_USAGE = YES_ERROR;
				CLANG_WARN_DOCUMENTATION_COMMENTS = YES;
				CLANG_WARN_EMPTY_BODY = YES;
				CLANG_WARN_ENUM_CONVERSION = YES;
				CLANG_WARN_INFINITE_RECURSION = YES;
				CLANG_WARN_INT_CONVERSION = YES;
				CLANG_WARN_NON_LITERAL_NULL_CONVERSION = YES;
				CLANG_WARN_OBJC_IMPLICIT_RETAIN_SELF = YES;
				CLANG_WARN_OBJC_LITERAL_CONVERSION = YES;
				CLANG_WARN_OBJC_ROOT_CLASS = YES_ERROR;
				CLANG_WARN_QUOTED_INCLUDE_IN_FRAMEWORK_HEADER = YES;
				CLANG_WARN_RANGE_LOOP_ANALYSIS = YES;
				CLANG_WARN_STRICT_PROTOTYPES = YES;
				CLANG_WARN_SUSPICIOUS_MOVE = YES;
				CLANG_WARN_UNGUARDED_AVAILABILITY = YES_AGGRESSIVE;
				CLANG_WARN_UNREACHABLE_CODE = YES;
				CLANG_WARN__DUPLICATE_METHOD_MATCH = YES;
				COPY_PHASE_STRIP = NO;
				DEBUG_INFORMATION_FORMAT = "dwarf-with-dsym";
				ENABLE_NS_ASSERTIONS = NO;
				ENABLE_STRICT_OBJC_MSGSEND = YES;
				GCC_C_LANGUAGE_STANDARD = gnu11;
				GCC_NO_COMMON_BLOCKS = YES;
				GCC_WARN_64_TO_32_BIT_CONVERSION = YES;
				GCC_WARN_ABOUT_RETURN_TYPE = YES_ERROR;
				GCC_WARN_UNDECLARED_SELECTOR = YES;
				GCC_WARN_UNINITIALIZED_AUTOS = YES_AGGRESSIVE;
				GCC_WARN_UNUSED_FUNCTION = YES;
				GCC_WARN_UNUSED_VARIABLE = YES;
				IPHONEOS_DEPLOYMENT_TARGET = 14.4;
				MTL_ENABLE_DEBUG_INFO = NO;
				MTL_FAST_MATH = YES;
				SDKROOT = iphoneos;
				SWIFT_COMPILATION_MODE = wholemodule;
				SWIFT_OPTIMIZATION_LEVEL = "-O";
				VALIDATE_PRODUCT = YES;
			};
			name = Release;
		};
		DDFEF5B02730915F00F3FF10 /* Debug */ = {
			isa = XCBuildConfiguration;
			baseConfigurationReference = C909B5AB190DAAB57299D7AB /* Pods-UWTickets+.debug.xcconfig */;
			buildSettings = {
				ASSETCATALOG_COMPILER_APPICON_NAME = AppIcon;
				ASSETCATALOG_COMPILER_GLOBAL_ACCENT_COLOR_NAME = AccentColor;
				CODE_SIGN_STYLE = Automatic;
				DEVELOPMENT_ASSET_PATHS = "\"UWTickets+/Preview Content\"";
				ENABLE_PREVIEWS = YES;
				INFOPLIST_FILE = "UWTickets+/Info.plist";
				IPHONEOS_DEPLOYMENT_TARGET = 14.0;
				LD_RUNPATH_SEARCH_PATHS = (
					"$(inherited)",
					"@executable_path/Frameworks",
				);
				PRODUCT_BUNDLE_IDENTIFIER = "com.cs506.UWTickets-";
				PRODUCT_NAME = "$(TARGET_NAME)";
				SWIFT_VERSION = 5.0;
				TARGETED_DEVICE_FAMILY = "1,2";
			};
			name = Debug;
		};
		DDFEF5B12730915F00F3FF10 /* Release */ = {
			isa = XCBuildConfiguration;
			baseConfigurationReference = 2CCCB5E25E8B00D31ED7D493 /* Pods-UWTickets+.release.xcconfig */;
			buildSettings = {
				ASSETCATALOG_COMPILER_APPICON_NAME = AppIcon;
				ASSETCATALOG_COMPILER_GLOBAL_ACCENT_COLOR_NAME = AccentColor;
				CODE_SIGN_STYLE = Automatic;
				DEVELOPMENT_ASSET_PATHS = "\"UWTickets+/Preview Content\"";
				ENABLE_PREVIEWS = YES;
				INFOPLIST_FILE = "UWTickets+/Info.plist";
				IPHONEOS_DEPLOYMENT_TARGET = 14.0;
				LD_RUNPATH_SEARCH_PATHS = (
					"$(inherited)",
					"@executable_path/Frameworks",
				);
				PRODUCT_BUNDLE_IDENTIFIER = "com.cs506.UWTickets-";
				PRODUCT_NAME = "$(TARGET_NAME)";
				SWIFT_VERSION = 5.0;
				TARGETED_DEVICE_FAMILY = "1,2";
			};
			name = Release;
		};
/* End XCBuildConfiguration section */

/* Begin XCConfigurationList section */
		DDFEF59B2730915400F3FF10 /* Build configuration list for PBXProject "UWTickets+" */ = {
			isa = XCConfigurationList;
			buildConfigurations = (
				DDFEF5AD2730915F00F3FF10 /* Debug */,
				DDFEF5AE2730915F00F3FF10 /* Release */,
			);
			defaultConfigurationIsVisible = 0;
			defaultConfigurationName = Release;
		};
		DDFEF5AF2730915F00F3FF10 /* Build configuration list for PBXNativeTarget "UWTickets+" */ = {
			isa = XCConfigurationList;
			buildConfigurations = (
				DDFEF5B02730915F00F3FF10 /* Debug */,
				DDFEF5B12730915F00F3FF10 /* Release */,
			);
			defaultConfigurationIsVisible = 0;
			defaultConfigurationName = Release;
		};
/* End XCConfigurationList section */
	};
	rootObject = DDFEF5982730915400F3FF10 /* Project object */;
}
